// !$*UTF8*$!
{
	archiveVersion = 1;
	classes = {
	};
	objectVersion = 54;
	objects = {

/* Begin PBXBuildFile section */
		00E356F31AD99517003FC87E /* projectttTests.m in Sources */ = {isa = PBXBuildFile; fileRef = 00E356F21AD99517003FC87E /* projectttTests.m */; };
		0C80B921A6F3F58F76C31292 /* libPods-projecttt.a in Frameworks */ = {isa = PBXBuildFile; fileRef = 5DCACB8F33CDC322A6C60F78 /* libPods-projecttt.a */; };
		13B07FBC1A68108700A75B9A /* AppDelegate.mm in Sources */ = {isa = PBXBuildFile; fileRef = 13B07FB01A68108700A75B9A /* AppDelegate.mm */; };
		13B07FBF1A68108700A75B9A /* Images.xcassets in Resources */ = {isa = PBXBuildFile; fileRef = 13B07FB51A68108700A75B9A /* Images.xcassets */; };
		13B07FC11A68108700A75B9A /* main.m in Sources */ = {isa = PBXBuildFile; fileRef = 13B07FB71A68108700A75B9A /* main.m */; };
		7699B88040F8A987B510C191 /* libPods-projecttt-projectttTests.a in Frameworks */ = {isa = PBXBuildFile; fileRef = 19F6CBCC0A4E27FBF8BF4A61 /* libPods-projecttt-projectttTests.a */; };
		81AB9BB82411601600AC10FF /* LaunchScreen.storyboard in Resources */ = {isa = PBXBuildFile; fileRef = 81AB9BB72411601600AC10FF /* LaunchScreen.storyboard */; };
		4EAB3F47A5B347D1861E18D8 /* Anton-Regular.ttf in Resources */ = {isa = PBXBuildFile; fileRef = FEFF360994BF4A6CAEA19EA2 /* Anton-Regular.ttf */; };
		FD63C98B25A14F1F9E3CB04D /* BlackOpsOne-Regular.ttf in Resources */ = {isa = PBXBuildFile; fileRef = FC51B06BD51848E7937E9124 /* BlackOpsOne-Regular.ttf */; };
		89A12E1FEFAD4A52BECADFDE /* Caveat-Bold.ttf in Resources */ = {isa = PBXBuildFile; fileRef = 06943A37C7AA45239A092574 /* Caveat-Bold.ttf */; };
		5C4323412EFC42E6A6866EAE /* Caveat-Medium.ttf in Resources */ = {isa = PBXBuildFile; fileRef = 6AD26E7F51FA40B5BBC673CE /* Caveat-Medium.ttf */; };
		B117DE210C34467691601F9F /* Caveat-Regular.ttf in Resources */ = {isa = PBXBuildFile; fileRef = C8FCDBA5552C42F78B16D1AB /* Caveat-Regular.ttf */; };
		E145F706EBB34E5DB63DD064 /* Caveat-SemiBold.ttf in Resources */ = {isa = PBXBuildFile; fileRef = EA383E485C6C4E329D4B45FF /* Caveat-SemiBold.ttf */; };
		8500ADC09055404B88949086 /* Caveat-VariableFont_wght.ttf in Resources */ = {isa = PBXBuildFile; fileRef = 87CFAD9970DA402CAB1C8452 /* Caveat-VariableFont_wght.ttf */; };
		AAE7091DD2AE45D790AEFD79 /* DancingScript-Bold.ttf in Resources */ = {isa = PBXBuildFile; fileRef = 99E696E29C4A4B7B9EB2788A /* DancingScript-Bold.ttf */; };
		A8A3EE3B8AA44B77A8524CAF /* DancingScript-Medium.ttf in Resources */ = {isa = PBXBuildFile; fileRef = F1E0ADE533BF4E08863FF635 /* DancingScript-Medium.ttf */; };
		56D3E98AF11145C78EC8CC29 /* DancingScript-Regular.ttf in Resources */ = {isa = PBXBuildFile; fileRef = 6C16814AA94E42DFB4EBBA5D /* DancingScript-Regular.ttf */; };
		7C4C7B09927B41D8A23BC7C1 /* DancingScript-SemiBold.ttf in Resources */ = {isa = PBXBuildFile; fileRef = 1C88037CB74B4B2599B3FA3B /* DancingScript-SemiBold.ttf */; };
		68468F51341B403395706E8B /* DancingScript-VariableFont_wght.ttf in Resources */ = {isa = PBXBuildFile; fileRef = 439346166F5B47DD99C8B0D4 /* DancingScript-VariableFont_wght.ttf */; };
		13C70A7094284D338DFA2794 /* IndieFlower-Regular.ttf in Resources */ = {isa = PBXBuildFile; fileRef = 34B3D71B928C4984AC6450F8 /* IndieFlower-Regular.ttf */; };
		A5A114B9B44C41F6A8144193 /* LilitaOne-Regular.ttf in Resources */ = {isa = PBXBuildFile; fileRef = 1CA7A9F298074D3CB5036D43 /* LilitaOne-Regular.ttf */; };
		B014133231BA46CCB6EB4B40 /* Lobster-Regular.ttf in Resources */ = {isa = PBXBuildFile; fileRef = 70CB0122CE804F4C9AE11BE8 /* Lobster-Regular.ttf */; };
		88310A429CD14E719C6C1B4A /* Orbitron-Black.ttf in Resources */ = {isa = PBXBuildFile; fileRef = CD076CCABFEF4D358ECB4890 /* Orbitron-Black.ttf */; };
		5368B538128B4363AD50B3FF /* Orbitron-Bold.ttf in Resources */ = {isa = PBXBuildFile; fileRef = 90C0A377795C4A8797DEA1BD /* Orbitron-Bold.ttf */; };
		3BD29665871647438EB2DA18 /* Orbitron-ExtraBold.ttf in Resources */ = {isa = PBXBuildFile; fileRef = C95A036B655F43B49A6801DA /* Orbitron-ExtraBold.ttf */; };
		36C80DB36C1B4BD28E67FE03 /* Orbitron-Medium.ttf in Resources */ = {isa = PBXBuildFile; fileRef = E62EC3163C9741C69A7A47F4 /* Orbitron-Medium.ttf */; };
		920B60D8EC1344C1BDDF1619 /* Orbitron-Regular.ttf in Resources */ = {isa = PBXBuildFile; fileRef = F621FB77AFDE41A4A4B7D47C /* Orbitron-Regular.ttf */; };
		26062F96B031421FBD6D623E /* Orbitron-SemiBold.ttf in Resources */ = {isa = PBXBuildFile; fileRef = 8F985C981D6847E181DB5075 /* Orbitron-SemiBold.ttf */; };
		2644AB72A5CE4234AFC7E1B5 /* Orbitron-VariableFont_wght.ttf in Resources */ = {isa = PBXBuildFile; fileRef = D4828A7777884CD88042C898 /* Orbitron-VariableFont_wght.ttf */; };
		266D1EE455814711B0B134B2 /* Pacifico-Regular.ttf in Resources */ = {isa = PBXBuildFile; fileRef = B01B649B9EEE40A58ECD2D1F /* Pacifico-Regular.ttf */; };
		E1815B71BB31409293E179B7 /* Play-Bold.ttf in Resources */ = {isa = PBXBuildFile; fileRef = 87A6A93AA44B4603B8A373E3 /* Play-Bold.ttf */; };
		53899CADDAAE44BCB0BADDB7 /* Play-Regular.ttf in Resources */ = {isa = PBXBuildFile; fileRef = 4306920BA66246C692538F86 /* Play-Regular.ttf */; };
		A26668FA83664085BF4AC188 /* RubikIso-Regular.ttf in Resources */ = {isa = PBXBuildFile; fileRef = 27284CF626BA40C48A86EB65 /* RubikIso-Regular.ttf */; };
		63321D7F8781433C9B020BDD /* ShadowsIntoLight-Regular.ttf in Resources */ = {isa = PBXBuildFile; fileRef = BC0DAB39FE3945C79B1FBE65 /* ShadowsIntoLight-Regular.ttf */; };
/* End PBXBuildFile section */

/* Begin PBXContainerItemProxy section */
		00E356F41AD99517003FC87E /* PBXContainerItemProxy */ = {
			isa = PBXContainerItemProxy;
			containerPortal = 83CBB9F71A601CBA00E9B192 /* Project object */;
			proxyType = 1;
			remoteGlobalIDString = 13B07F861A680F5B00A75B9A;
			remoteInfo = projecttt;
		};
/* End PBXContainerItemProxy section */

/* Begin PBXFileReference section */
		00E356EE1AD99517003FC87E /* projectttTests.xctest */ = {isa = PBXFileReference; explicitFileType = wrapper.cfbundle; includeInIndex = 0; path = projectttTests.xctest; sourceTree = BUILT_PRODUCTS_DIR; };
		00E356F11AD99517003FC87E /* Info.plist */ = {isa = PBXFileReference; lastKnownFileType = text.plist.xml; path = Info.plist; sourceTree = "<group>"; };
		00E356F21AD99517003FC87E /* projectttTests.m */ = {isa = PBXFileReference; lastKnownFileType = sourcecode.c.objc; path = projectttTests.m; sourceTree = "<group>"; };
		13B07F961A680F5B00A75B9A /* projecttt.app */ = {isa = PBXFileReference; explicitFileType = wrapper.application; includeInIndex = 0; path = projecttt.app; sourceTree = BUILT_PRODUCTS_DIR; };
		13B07FAF1A68108700A75B9A /* AppDelegate.h */ = {isa = PBXFileReference; fileEncoding = 4; lastKnownFileType = sourcecode.c.h; name = AppDelegate.h; path = projecttt/AppDelegate.h; sourceTree = "<group>"; };
		13B07FB01A68108700A75B9A /* AppDelegate.mm */ = {isa = PBXFileReference; fileEncoding = 4; lastKnownFileType = sourcecode.cpp.objcpp; name = AppDelegate.mm; path = projecttt/AppDelegate.mm; sourceTree = "<group>"; };
		13B07FB51A68108700A75B9A /* Images.xcassets */ = {isa = PBXFileReference; lastKnownFileType = folder.assetcatalog; name = Images.xcassets; path = projecttt/Images.xcassets; sourceTree = "<group>"; };
		13B07FB61A68108700A75B9A /* Info.plist */ = {isa = PBXFileReference; fileEncoding = 4; lastKnownFileType = text.plist.xml; name = Info.plist; path = projecttt/Info.plist; sourceTree = "<group>"; };
		13B07FB71A68108700A75B9A /* main.m */ = {isa = PBXFileReference; fileEncoding = 4; lastKnownFileType = sourcecode.c.objc; name = main.m; path = projecttt/main.m; sourceTree = "<group>"; };
		19F6CBCC0A4E27FBF8BF4A61 /* libPods-projecttt-projectttTests.a */ = {isa = PBXFileReference; explicitFileType = archive.ar; includeInIndex = 0; path = "libPods-projecttt-projectttTests.a"; sourceTree = BUILT_PRODUCTS_DIR; };
		3B4392A12AC88292D35C810B /* Pods-projecttt.debug.xcconfig */ = {isa = PBXFileReference; includeInIndex = 1; lastKnownFileType = text.xcconfig; name = "Pods-projecttt.debug.xcconfig"; path = "Target Support Files/Pods-projecttt/Pods-projecttt.debug.xcconfig"; sourceTree = "<group>"; };
		5709B34CF0A7D63546082F79 /* Pods-projecttt.release.xcconfig */ = {isa = PBXFileReference; includeInIndex = 1; lastKnownFileType = text.xcconfig; name = "Pods-projecttt.release.xcconfig"; path = "Target Support Files/Pods-projecttt/Pods-projecttt.release.xcconfig"; sourceTree = "<group>"; };
		5B7EB9410499542E8C5724F5 /* Pods-projecttt-projectttTests.debug.xcconfig */ = {isa = PBXFileReference; includeInIndex = 1; lastKnownFileType = text.xcconfig; name = "Pods-projecttt-projectttTests.debug.xcconfig"; path = "Target Support Files/Pods-projecttt-projectttTests/Pods-projecttt-projectttTests.debug.xcconfig"; sourceTree = "<group>"; };
		5DCACB8F33CDC322A6C60F78 /* libPods-projecttt.a */ = {isa = PBXFileReference; explicitFileType = archive.ar; includeInIndex = 0; path = "libPods-projecttt.a"; sourceTree = BUILT_PRODUCTS_DIR; };
		81AB9BB72411601600AC10FF /* LaunchScreen.storyboard */ = {isa = PBXFileReference; fileEncoding = 4; lastKnownFileType = file.storyboard; name = LaunchScreen.storyboard; path = projecttt/LaunchScreen.storyboard; sourceTree = "<group>"; };
		89C6BE57DB24E9ADA2F236DE /* Pods-projecttt-projectttTests.release.xcconfig */ = {isa = PBXFileReference; includeInIndex = 1; lastKnownFileType = text.xcconfig; name = "Pods-projecttt-projectttTests.release.xcconfig"; path = "Target Support Files/Pods-projecttt-projectttTests/Pods-projecttt-projectttTests.release.xcconfig"; sourceTree = "<group>"; };
		ED297162215061F000B7C4FE /* JavaScriptCore.framework */ = {isa = PBXFileReference; lastKnownFileType = wrapper.framework; name = JavaScriptCore.framework; path = System/Library/Frameworks/JavaScriptCore.framework; sourceTree = SDKROOT; };
		FEFF360994BF4A6CAEA19EA2 /* Anton-Regular.ttf */ = {isa = PBXFileReference; name = "Anton-Regular.ttf"; path = "../assets/fonts/Anton-Regular.ttf"; sourceTree = "<group>"; fileEncoding = undefined; lastKnownFileType = unknown; explicitFileType = undefined; includeInIndex = 0; };
		FC51B06BD51848E7937E9124 /* BlackOpsOne-Regular.ttf */ = {isa = PBXFileReference; name = "BlackOpsOne-Regular.ttf"; path = "../assets/fonts/BlackOpsOne-Regular.ttf"; sourceTree = "<group>"; fileEncoding = undefined; lastKnownFileType = unknown; explicitFileType = undefined; includeInIndex = 0; };
		06943A37C7AA45239A092574 /* Caveat-Bold.ttf */ = {isa = PBXFileReference; name = "Caveat-Bold.ttf"; path = "../assets/fonts/Caveat-Bold.ttf"; sourceTree = "<group>"; fileEncoding = undefined; lastKnownFileType = unknown; explicitFileType = undefined; includeInIndex = 0; };
		6AD26E7F51FA40B5BBC673CE /* Caveat-Medium.ttf */ = {isa = PBXFileReference; name = "Caveat-Medium.ttf"; path = "../assets/fonts/Caveat-Medium.ttf"; sourceTree = "<group>"; fileEncoding = undefined; lastKnownFileType = unknown; explicitFileType = undefined; includeInIndex = 0; };
		C8FCDBA5552C42F78B16D1AB /* Caveat-Regular.ttf */ = {isa = PBXFileReference; name = "Caveat-Regular.ttf"; path = "../assets/fonts/Caveat-Regular.ttf"; sourceTree = "<group>"; fileEncoding = undefined; lastKnownFileType = unknown; explicitFileType = undefined; includeInIndex = 0; };
		EA383E485C6C4E329D4B45FF /* Caveat-SemiBold.ttf */ = {isa = PBXFileReference; name = "Caveat-SemiBold.ttf"; path = "../assets/fonts/Caveat-SemiBold.ttf"; sourceTree = "<group>"; fileEncoding = undefined; lastKnownFileType = unknown; explicitFileType = undefined; includeInIndex = 0; };
		87CFAD9970DA402CAB1C8452 /* Caveat-VariableFont_wght.ttf */ = {isa = PBXFileReference; name = "Caveat-VariableFont_wght.ttf"; path = "../assets/fonts/Caveat-VariableFont_wght.ttf"; sourceTree = "<group>"; fileEncoding = undefined; lastKnownFileType = unknown; explicitFileType = undefined; includeInIndex = 0; };
		99E696E29C4A4B7B9EB2788A /* DancingScript-Bold.ttf */ = {isa = PBXFileReference; name = "DancingScript-Bold.ttf"; path = "../assets/fonts/DancingScript-Bold.ttf"; sourceTree = "<group>"; fileEncoding = undefined; lastKnownFileType = unknown; explicitFileType = undefined; includeInIndex = 0; };
		F1E0ADE533BF4E08863FF635 /* DancingScript-Medium.ttf */ = {isa = PBXFileReference; name = "DancingScript-Medium.ttf"; path = "../assets/fonts/DancingScript-Medium.ttf"; sourceTree = "<group>"; fileEncoding = undefined; lastKnownFileType = unknown; explicitFileType = undefined; includeInIndex = 0; };
		6C16814AA94E42DFB4EBBA5D /* DancingScript-Regular.ttf */ = {isa = PBXFileReference; name = "DancingScript-Regular.ttf"; path = "../assets/fonts/DancingScript-Regular.ttf"; sourceTree = "<group>"; fileEncoding = undefined; lastKnownFileType = unknown; explicitFileType = undefined; includeInIndex = 0; };
		1C88037CB74B4B2599B3FA3B /* DancingScript-SemiBold.ttf */ = {isa = PBXFileReference; name = "DancingScript-SemiBold.ttf"; path = "../assets/fonts/DancingScript-SemiBold.ttf"; sourceTree = "<group>"; fileEncoding = undefined; lastKnownFileType = unknown; explicitFileType = undefined; includeInIndex = 0; };
		439346166F5B47DD99C8B0D4 /* DancingScript-VariableFont_wght.ttf */ = {isa = PBXFileReference; name = "DancingScript-VariableFont_wght.ttf"; path = "../assets/fonts/DancingScript-VariableFont_wght.ttf"; sourceTree = "<group>"; fileEncoding = undefined; lastKnownFileType = unknown; explicitFileType = undefined; includeInIndex = 0; };
		34B3D71B928C4984AC6450F8 /* IndieFlower-Regular.ttf */ = {isa = PBXFileReference; name = "IndieFlower-Regular.ttf"; path = "../assets/fonts/IndieFlower-Regular.ttf"; sourceTree = "<group>"; fileEncoding = undefined; lastKnownFileType = unknown; explicitFileType = undefined; includeInIndex = 0; };
		1CA7A9F298074D3CB5036D43 /* LilitaOne-Regular.ttf */ = {isa = PBXFileReference; name = "LilitaOne-Regular.ttf"; path = "../assets/fonts/LilitaOne-Regular.ttf"; sourceTree = "<group>"; fileEncoding = undefined; lastKnownFileType = unknown; explicitFileType = undefined; includeInIndex = 0; };
		70CB0122CE804F4C9AE11BE8 /* Lobster-Regular.ttf */ = {isa = PBXFileReference; name = "Lobster-Regular.ttf"; path = "../assets/fonts/Lobster-Regular.ttf"; sourceTree = "<group>"; fileEncoding = undefined; lastKnownFileType = unknown; explicitFileType = undefined; includeInIndex = 0; };
		CD076CCABFEF4D358ECB4890 /* Orbitron-Black.ttf */ = {isa = PBXFileReference; name = "Orbitron-Black.ttf"; path = "../assets/fonts/Orbitron-Black.ttf"; sourceTree = "<group>"; fileEncoding = undefined; lastKnownFileType = unknown; explicitFileType = undefined; includeInIndex = 0; };
		90C0A377795C4A8797DEA1BD /* Orbitron-Bold.ttf */ = {isa = PBXFileReference; name = "Orbitron-Bold.ttf"; path = "../assets/fonts/Orbitron-Bold.ttf"; sourceTree = "<group>"; fileEncoding = undefined; lastKnownFileType = unknown; explicitFileType = undefined; includeInIndex = 0; };
		C95A036B655F43B49A6801DA /* Orbitron-ExtraBold.ttf */ = {isa = PBXFileReference; name = "Orbitron-ExtraBold.ttf"; path = "../assets/fonts/Orbitron-ExtraBold.ttf"; sourceTree = "<group>"; fileEncoding = undefined; lastKnownFileType = unknown; explicitFileType = undefined; includeInIndex = 0; };
		E62EC3163C9741C69A7A47F4 /* Orbitron-Medium.ttf */ = {isa = PBXFileReference; name = "Orbitron-Medium.ttf"; path = "../assets/fonts/Orbitron-Medium.ttf"; sourceTree = "<group>"; fileEncoding = undefined; lastKnownFileType = unknown; explicitFileType = undefined; includeInIndex = 0; };
		F621FB77AFDE41A4A4B7D47C /* Orbitron-Regular.ttf */ = {isa = PBXFileReference; name = "Orbitron-Regular.ttf"; path = "../assets/fonts/Orbitron-Regular.ttf"; sourceTree = "<group>"; fileEncoding = undefined; lastKnownFileType = unknown; explicitFileType = undefined; includeInIndex = 0; };
		8F985C981D6847E181DB5075 /* Orbitron-SemiBold.ttf */ = {isa = PBXFileReference; name = "Orbitron-SemiBold.ttf"; path = "../assets/fonts/Orbitron-SemiBold.ttf"; sourceTree = "<group>"; fileEncoding = undefined; lastKnownFileType = unknown; explicitFileType = undefined; includeInIndex = 0; };
		D4828A7777884CD88042C898 /* Orbitron-VariableFont_wght.ttf */ = {isa = PBXFileReference; name = "Orbitron-VariableFont_wght.ttf"; path = "../assets/fonts/Orbitron-VariableFont_wght.ttf"; sourceTree = "<group>"; fileEncoding = undefined; lastKnownFileType = unknown; explicitFileType = undefined; includeInIndex = 0; };
		B01B649B9EEE40A58ECD2D1F /* Pacifico-Regular.ttf */ = {isa = PBXFileReference; name = "Pacifico-Regular.ttf"; path = "../assets/fonts/Pacifico-Regular.ttf"; sourceTree = "<group>"; fileEncoding = undefined; lastKnownFileType = unknown; explicitFileType = undefined; includeInIndex = 0; };
		87A6A93AA44B4603B8A373E3 /* Play-Bold.ttf */ = {isa = PBXFileReference; name = "Play-Bold.ttf"; path = "../assets/fonts/Play-Bold.ttf"; sourceTree = "<group>"; fileEncoding = undefined; lastKnownFileType = unknown; explicitFileType = undefined; includeInIndex = 0; };
		4306920BA66246C692538F86 /* Play-Regular.ttf */ = {isa = PBXFileReference; name = "Play-Regular.ttf"; path = "../assets/fonts/Play-Regular.ttf"; sourceTree = "<group>"; fileEncoding = undefined; lastKnownFileType = unknown; explicitFileType = undefined; includeInIndex = 0; };
		27284CF626BA40C48A86EB65 /* RubikIso-Regular.ttf */ = {isa = PBXFileReference; name = "RubikIso-Regular.ttf"; path = "../assets/fonts/RubikIso-Regular.ttf"; sourceTree = "<group>"; fileEncoding = undefined; lastKnownFileType = unknown; explicitFileType = undefined; includeInIndex = 0; };
		BC0DAB39FE3945C79B1FBE65 /* ShadowsIntoLight-Regular.ttf */ = {isa = PBXFileReference; name = "ShadowsIntoLight-Regular.ttf"; path = "../assets/fonts/ShadowsIntoLight-Regular.ttf"; sourceTree = "<group>"; fileEncoding = undefined; lastKnownFileType = unknown; explicitFileType = undefined; includeInIndex = 0; };
/* End PBXFileReference section */

/* Begin PBXFrameworksBuildPhase section */
		00E356EB1AD99517003FC87E /* Frameworks */ = {
			isa = PBXFrameworksBuildPhase;
			buildActionMask = 2147483647;
			files = (
				7699B88040F8A987B510C191 /* libPods-projecttt-projectttTests.a in Frameworks */,
			);
			runOnlyForDeploymentPostprocessing = 0;
		};
		13B07F8C1A680F5B00A75B9A /* Frameworks */ = {
			isa = PBXFrameworksBuildPhase;
			buildActionMask = 2147483647;
			files = (
				0C80B921A6F3F58F76C31292 /* libPods-projecttt.a in Frameworks */,
			);
			runOnlyForDeploymentPostprocessing = 0;
		};
/* End PBXFrameworksBuildPhase section */

/* Begin PBXGroup section */
		00E356EF1AD99517003FC87E /* projectttTests */ = {
			isa = PBXGroup;
			children = (
				00E356F21AD99517003FC87E /* projectttTests.m */,
				00E356F01AD99517003FC87E /* Supporting Files */,
			);
			path = projectttTests;
			sourceTree = "<group>";
		};
		00E356F01AD99517003FC87E /* Supporting Files */ = {
			isa = PBXGroup;
			children = (
				00E356F11AD99517003FC87E /* Info.plist */,
			);
			name = "Supporting Files";
			sourceTree = "<group>";
		};
		13B07FAE1A68108700A75B9A /* projecttt */ = {
			isa = PBXGroup;
			children = (
				13B07FAF1A68108700A75B9A /* AppDelegate.h */,
				13B07FB01A68108700A75B9A /* AppDelegate.mm */,
				13B07FB51A68108700A75B9A /* Images.xcassets */,
				13B07FB61A68108700A75B9A /* Info.plist */,
				81AB9BB72411601600AC10FF /* LaunchScreen.storyboard */,
				13B07FB71A68108700A75B9A /* main.m */,
			);
			name = projecttt;
			sourceTree = "<group>";
		};
		2D16E6871FA4F8E400B85C8A /* Frameworks */ = {
			isa = PBXGroup;
			children = (
				ED297162215061F000B7C4FE /* JavaScriptCore.framework */,
				5DCACB8F33CDC322A6C60F78 /* libPods-projecttt.a */,
				19F6CBCC0A4E27FBF8BF4A61 /* libPods-projecttt-projectttTests.a */,
			);
			name = Frameworks;
			sourceTree = "<group>";
		};
		832341AE1AAA6A7D00B99B32 /* Libraries */ = {
			isa = PBXGroup;
			children = (
			);
			name = Libraries;
			sourceTree = "<group>";
		};
		83CBB9F61A601CBA00E9B192 = {
			isa = PBXGroup;
			children = (
				13B07FAE1A68108700A75B9A /* projecttt */,
				832341AE1AAA6A7D00B99B32 /* Libraries */,
				00E356EF1AD99517003FC87E /* projectttTests */,
				83CBBA001A601CBA00E9B192 /* Products */,
				2D16E6871FA4F8E400B85C8A /* Frameworks */,
				BBD78D7AC51CEA395F1C20DB /* Pods */,
				FEACB92B9D4D4C6AA6346100 /* Resources */,
			);
			indentWidth = 2;
			sourceTree = "<group>";
			tabWidth = 2;
			usesTabs = 0;
		};
		83CBBA001A601CBA00E9B192 /* Products */ = {
			isa = PBXGroup;
			children = (
				13B07F961A680F5B00A75B9A /* projecttt.app */,
				00E356EE1AD99517003FC87E /* projectttTests.xctest */,
			);
			name = Products;
			sourceTree = "<group>";
		};
		BBD78D7AC51CEA395F1C20DB /* Pods */ = {
			isa = PBXGroup;
			children = (
				3B4392A12AC88292D35C810B /* Pods-projecttt.debug.xcconfig */,
				5709B34CF0A7D63546082F79 /* Pods-projecttt.release.xcconfig */,
				5B7EB9410499542E8C5724F5 /* Pods-projecttt-projectttTests.debug.xcconfig */,
				89C6BE57DB24E9ADA2F236DE /* Pods-projecttt-projectttTests.release.xcconfig */,
			);
			path = Pods;
			sourceTree = "<group>";
		};
		FEACB92B9D4D4C6AA6346100 /* Resources */ = {
			isa = "PBXGroup";
			children = (
				FEFF360994BF4A6CAEA19EA2 /* Anton-Regular.ttf */,
				FC51B06BD51848E7937E9124 /* BlackOpsOne-Regular.ttf */,
				06943A37C7AA45239A092574 /* Caveat-Bold.ttf */,
				6AD26E7F51FA40B5BBC673CE /* Caveat-Medium.ttf */,
				C8FCDBA5552C42F78B16D1AB /* Caveat-Regular.ttf */,
				EA383E485C6C4E329D4B45FF /* Caveat-SemiBold.ttf */,
				87CFAD9970DA402CAB1C8452 /* Caveat-VariableFont_wght.ttf */,
				99E696E29C4A4B7B9EB2788A /* DancingScript-Bold.ttf */,
				F1E0ADE533BF4E08863FF635 /* DancingScript-Medium.ttf */,
				6C16814AA94E42DFB4EBBA5D /* DancingScript-Regular.ttf */,
				1C88037CB74B4B2599B3FA3B /* DancingScript-SemiBold.ttf */,
				439346166F5B47DD99C8B0D4 /* DancingScript-VariableFont_wght.ttf */,
				34B3D71B928C4984AC6450F8 /* IndieFlower-Regular.ttf */,
				1CA7A9F298074D3CB5036D43 /* LilitaOne-Regular.ttf */,
				70CB0122CE804F4C9AE11BE8 /* Lobster-Regular.ttf */,
				CD076CCABFEF4D358ECB4890 /* Orbitron-Black.ttf */,
				90C0A377795C4A8797DEA1BD /* Orbitron-Bold.ttf */,
				C95A036B655F43B49A6801DA /* Orbitron-ExtraBold.ttf */,
				E62EC3163C9741C69A7A47F4 /* Orbitron-Medium.ttf */,
				F621FB77AFDE41A4A4B7D47C /* Orbitron-Regular.ttf */,
				8F985C981D6847E181DB5075 /* Orbitron-SemiBold.ttf */,
				D4828A7777884CD88042C898 /* Orbitron-VariableFont_wght.ttf */,
				B01B649B9EEE40A58ECD2D1F /* Pacifico-Regular.ttf */,
				87A6A93AA44B4603B8A373E3 /* Play-Bold.ttf */,
				4306920BA66246C692538F86 /* Play-Regular.ttf */,
				27284CF626BA40C48A86EB65 /* RubikIso-Regular.ttf */,
				BC0DAB39FE3945C79B1FBE65 /* ShadowsIntoLight-Regular.ttf */,
			);
			name = Resources;
			sourceTree = "<group>";
			path = "";
		};
/* End PBXGroup section */

/* Begin PBXNativeTarget section */
		00E356ED1AD99517003FC87E /* projectttTests */ = {
			isa = PBXNativeTarget;
			buildConfigurationList = 00E357021AD99517003FC87E /* Build configuration list for PBXNativeTarget "projectttTests" */;
			buildPhases = (
				A55EABD7B0C7F3A422A6CC61 /* [CP] Check Pods Manifest.lock */,
				00E356EA1AD99517003FC87E /* Sources */,
				00E356EB1AD99517003FC87E /* Frameworks */,
				00E356EC1AD99517003FC87E /* Resources */,
				C59DA0FBD6956966B86A3779 /* [CP] Embed Pods Frameworks */,
				F6A41C54EA430FDDC6A6ED99 /* [CP] Copy Pods Resources */,
			);
			buildRules = (
			);
			dependencies = (
				00E356F51AD99517003FC87E /* PBXTargetDependency */,
			);
			name = projectttTests;
			productName = projectttTests;
			productReference = 00E356EE1AD99517003FC87E /* projectttTests.xctest */;
			productType = "com.apple.product-type.bundle.unit-test";
		};
		13B07F861A680F5B00A75B9A /* projecttt */ = {
			isa = PBXNativeTarget;
			buildConfigurationList = 13B07F931A680F5B00A75B9A /* Build configuration list for PBXNativeTarget "projecttt" */;
			buildPhases = (
				C38B50BA6285516D6DCD4F65 /* [CP] Check Pods Manifest.lock */,
				FD10A7F022414F080027D42C /* Start Packager */,
				13B07F871A680F5B00A75B9A /* Sources */,
				13B07F8C1A680F5B00A75B9A /* Frameworks */,
				13B07F8E1A680F5B00A75B9A /* Resources */,
				00DD1BFF1BD5951E006B06BC /* Bundle React Native code and images */,
				00EEFC60759A1932668264C0 /* [CP] Embed Pods Frameworks */,
				E235C05ADACE081382539298 /* [CP] Copy Pods Resources */,
			);
			buildRules = (
			);
			dependencies = (
			);
			name = projecttt;
			productName = projecttt;
			productReference = 13B07F961A680F5B00A75B9A /* projecttt.app */;
			productType = "com.apple.product-type.application";
		};
/* End PBXNativeTarget section */

/* Begin PBXProject section */
		83CBB9F71A601CBA00E9B192 /* Project object */ = {
			isa = PBXProject;
			attributes = {
				LastUpgradeCheck = 1210;
				TargetAttributes = {
					00E356ED1AD99517003FC87E = {
						CreatedOnToolsVersion = 6.2;
						TestTargetID = 13B07F861A680F5B00A75B9A;
					};
					13B07F861A680F5B00A75B9A = {
						LastSwiftMigration = 1120;
					};
				};
			};
			buildConfigurationList = 83CBB9FA1A601CBA00E9B192 /* Build configuration list for PBXProject "projecttt" */;
			compatibilityVersion = "Xcode 12.0";
			developmentRegion = en;
			hasScannedForEncodings = 0;
			knownRegions = (
				en,
				Base,
			);
			mainGroup = 83CBB9F61A601CBA00E9B192;
			productRefGroup = 83CBBA001A601CBA00E9B192 /* Products */;
			projectDirPath = "";
			projectRoot = "";
			targets = (
				13B07F861A680F5B00A75B9A /* projecttt */,
				00E356ED1AD99517003FC87E /* projectttTests */,
			);
		};
/* End PBXProject section */

/* Begin PBXResourcesBuildPhase section */
		00E356EC1AD99517003FC87E /* Resources */ = {
			isa = PBXResourcesBuildPhase;
			buildActionMask = 2147483647;
			files = (
			);
			runOnlyForDeploymentPostprocessing = 0;
		};
		13B07F8E1A680F5B00A75B9A /* Resources */ = {
			isa = PBXResourcesBuildPhase;
			buildActionMask = 2147483647;
			files = (
				81AB9BB82411601600AC10FF /* LaunchScreen.storyboard in Resources */,
				13B07FBF1A68108700A75B9A /* Images.xcassets in Resources */,
				4EAB3F47A5B347D1861E18D8 /* Anton-Regular.ttf in Resources */,
				FD63C98B25A14F1F9E3CB04D /* BlackOpsOne-Regular.ttf in Resources */,
				89A12E1FEFAD4A52BECADFDE /* Caveat-Bold.ttf in Resources */,
				5C4323412EFC42E6A6866EAE /* Caveat-Medium.ttf in Resources */,
				B117DE210C34467691601F9F /* Caveat-Regular.ttf in Resources */,
				E145F706EBB34E5DB63DD064 /* Caveat-SemiBold.ttf in Resources */,
				8500ADC09055404B88949086 /* Caveat-VariableFont_wght.ttf in Resources */,
				AAE7091DD2AE45D790AEFD79 /* DancingScript-Bold.ttf in Resources */,
				A8A3EE3B8AA44B77A8524CAF /* DancingScript-Medium.ttf in Resources */,
				56D3E98AF11145C78EC8CC29 /* DancingScript-Regular.ttf in Resources */,
				7C4C7B09927B41D8A23BC7C1 /* DancingScript-SemiBold.ttf in Resources */,
				68468F51341B403395706E8B /* DancingScript-VariableFont_wght.ttf in Resources */,
				13C70A7094284D338DFA2794 /* IndieFlower-Regular.ttf in Resources */,
				A5A114B9B44C41F6A8144193 /* LilitaOne-Regular.ttf in Resources */,
				B014133231BA46CCB6EB4B40 /* Lobster-Regular.ttf in Resources */,
				88310A429CD14E719C6C1B4A /* Orbitron-Black.ttf in Resources */,
				5368B538128B4363AD50B3FF /* Orbitron-Bold.ttf in Resources */,
				3BD29665871647438EB2DA18 /* Orbitron-ExtraBold.ttf in Resources */,
				36C80DB36C1B4BD28E67FE03 /* Orbitron-Medium.ttf in Resources */,
				920B60D8EC1344C1BDDF1619 /* Orbitron-Regular.ttf in Resources */,
				26062F96B031421FBD6D623E /* Orbitron-SemiBold.ttf in Resources */,
				2644AB72A5CE4234AFC7E1B5 /* Orbitron-VariableFont_wght.ttf in Resources */,
				266D1EE455814711B0B134B2 /* Pacifico-Regular.ttf in Resources */,
				E1815B71BB31409293E179B7 /* Play-Bold.ttf in Resources */,
				53899CADDAAE44BCB0BADDB7 /* Play-Regular.ttf in Resources */,
				A26668FA83664085BF4AC188 /* RubikIso-Regular.ttf in Resources */,
				63321D7F8781433C9B020BDD /* ShadowsIntoLight-Regular.ttf in Resources */,
			);
			runOnlyForDeploymentPostprocessing = 0;
		};
/* End PBXResourcesBuildPhase section */

/* Begin PBXShellScriptBuildPhase section */
		00DD1BFF1BD5951E006B06BC /* Bundle React Native code and images */ = {
			isa = PBXShellScriptBuildPhase;
			buildActionMask = 2147483647;
			files = (
			);
			inputPaths = (
				"$(SRCROOT)/.xcode.env.local",
				"$(SRCROOT)/.xcode.env",
			);
			name = "Bundle React Native code and images";
			outputPaths = (
			);
			runOnlyForDeploymentPostprocessing = 0;
			shellPath = /bin/sh;
			shellScript = "set -e\n\nWITH_ENVIRONMENT=\"../node_modules/react-native/scripts/xcode/with-environment.sh\"\nREACT_NATIVE_XCODE=\"../node_modules/react-native/scripts/react-native-xcode.sh\"\n\n/bin/sh -c \"$WITH_ENVIRONMENT $REACT_NATIVE_XCODE\"\n";
		};
		00EEFC60759A1932668264C0 /* [CP] Embed Pods Frameworks */ = {
			isa = PBXShellScriptBuildPhase;
			buildActionMask = 2147483647;
			files = (
			);
			inputFileListPaths = (
				"${PODS_ROOT}/Target Support Files/Pods-projecttt/Pods-projecttt-frameworks-${CONFIGURATION}-input-files.xcfilelist",
			);
			name = "[CP] Embed Pods Frameworks";
			outputFileListPaths = (
				"${PODS_ROOT}/Target Support Files/Pods-projecttt/Pods-projecttt-frameworks-${CONFIGURATION}-output-files.xcfilelist",
			);
			runOnlyForDeploymentPostprocessing = 0;
			shellPath = /bin/sh;
			shellScript = "\"${PODS_ROOT}/Target Support Files/Pods-projecttt/Pods-projecttt-frameworks.sh\"\n";
			showEnvVarsInLog = 0;
		};
		A55EABD7B0C7F3A422A6CC61 /* [CP] Check Pods Manifest.lock */ = {
			isa = PBXShellScriptBuildPhase;
			buildActionMask = 2147483647;
			files = (
			);
			inputFileListPaths = (
			);
			inputPaths = (
				"${PODS_PODFILE_DIR_PATH}/Podfile.lock",
				"${PODS_ROOT}/Manifest.lock",
			);
			name = "[CP] Check Pods Manifest.lock";
			outputFileListPaths = (
			);
			outputPaths = (
				"$(DERIVED_FILE_DIR)/Pods-projecttt-projectttTests-checkManifestLockResult.txt",
			);
			runOnlyForDeploymentPostprocessing = 0;
			shellPath = /bin/sh;
			shellScript = "diff \"${PODS_PODFILE_DIR_PATH}/Podfile.lock\" \"${PODS_ROOT}/Manifest.lock\" > /dev/null\nif [ $? != 0 ] ; then\n    # print error to STDERR\n    echo \"error: The sandbox is not in sync with the Podfile.lock. Run 'pod install' or update your CocoaPods installation.\" >&2\n    exit 1\nfi\n# This output is used by Xcode 'outputs' to avoid re-running this script phase.\necho \"SUCCESS\" > \"${SCRIPT_OUTPUT_FILE_0}\"\n";
			showEnvVarsInLog = 0;
		};
		C38B50BA6285516D6DCD4F65 /* [CP] Check Pods Manifest.lock */ = {
			isa = PBXShellScriptBuildPhase;
			buildActionMask = 2147483647;
			files = (
			);
			inputFileListPaths = (
			);
			inputPaths = (
				"${PODS_PODFILE_DIR_PATH}/Podfile.lock",
				"${PODS_ROOT}/Manifest.lock",
			);
			name = "[CP] Check Pods Manifest.lock";
			outputFileListPaths = (
			);
			outputPaths = (
				"$(DERIVED_FILE_DIR)/Pods-projecttt-checkManifestLockResult.txt",
			);
			runOnlyForDeploymentPostprocessing = 0;
			shellPath = /bin/sh;
			shellScript = "diff \"${PODS_PODFILE_DIR_PATH}/Podfile.lock\" \"${PODS_ROOT}/Manifest.lock\" > /dev/null\nif [ $? != 0 ] ; then\n    # print error to STDERR\n    echo \"error: The sandbox is not in sync with the Podfile.lock. Run 'pod install' or update your CocoaPods installation.\" >&2\n    exit 1\nfi\n# This output is used by Xcode 'outputs' to avoid re-running this script phase.\necho \"SUCCESS\" > \"${SCRIPT_OUTPUT_FILE_0}\"\n";
			showEnvVarsInLog = 0;
		};
		C59DA0FBD6956966B86A3779 /* [CP] Embed Pods Frameworks */ = {
			isa = PBXShellScriptBuildPhase;
			buildActionMask = 2147483647;
			files = (
			);
			inputFileListPaths = (
				"${PODS_ROOT}/Target Support Files/Pods-projecttt-projectttTests/Pods-projecttt-projectttTests-frameworks-${CONFIGURATION}-input-files.xcfilelist",
			);
			name = "[CP] Embed Pods Frameworks";
			outputFileListPaths = (
				"${PODS_ROOT}/Target Support Files/Pods-projecttt-projectttTests/Pods-projecttt-projectttTests-frameworks-${CONFIGURATION}-output-files.xcfilelist",
			);
			runOnlyForDeploymentPostprocessing = 0;
			shellPath = /bin/sh;
			shellScript = "\"${PODS_ROOT}/Target Support Files/Pods-projecttt-projectttTests/Pods-projecttt-projectttTests-frameworks.sh\"\n";
			showEnvVarsInLog = 0;
		};
		E235C05ADACE081382539298 /* [CP] Copy Pods Resources */ = {
			isa = PBXShellScriptBuildPhase;
			buildActionMask = 2147483647;
			files = (
			);
			inputFileListPaths = (
				"${PODS_ROOT}/Target Support Files/Pods-projecttt/Pods-projecttt-resources-${CONFIGURATION}-input-files.xcfilelist",
			);
			name = "[CP] Copy Pods Resources";
			outputFileListPaths = (
				"${PODS_ROOT}/Target Support Files/Pods-projecttt/Pods-projecttt-resources-${CONFIGURATION}-output-files.xcfilelist",
			);
			runOnlyForDeploymentPostprocessing = 0;
			shellPath = /bin/sh;
			shellScript = "\"${PODS_ROOT}/Target Support Files/Pods-projecttt/Pods-projecttt-resources.sh\"\n";
			showEnvVarsInLog = 0;
		};
		F6A41C54EA430FDDC6A6ED99 /* [CP] Copy Pods Resources */ = {
			isa = PBXShellScriptBuildPhase;
			buildActionMask = 2147483647;
			files = (
			);
			inputFileListPaths = (
				"${PODS_ROOT}/Target Support Files/Pods-projecttt-projectttTests/Pods-projecttt-projectttTests-resources-${CONFIGURATION}-input-files.xcfilelist",
			);
			name = "[CP] Copy Pods Resources";
			outputFileListPaths = (
				"${PODS_ROOT}/Target Support Files/Pods-projecttt-projectttTests/Pods-projecttt-projectttTests-resources-${CONFIGURATION}-output-files.xcfilelist",
			);
			runOnlyForDeploymentPostprocessing = 0;
			shellPath = /bin/sh;
			shellScript = "\"${PODS_ROOT}/Target Support Files/Pods-projecttt-projectttTests/Pods-projecttt-projectttTests-resources.sh\"\n";
			showEnvVarsInLog = 0;
		};
		FD10A7F022414F080027D42C /* Start Packager */ = {
			isa = PBXShellScriptBuildPhase;
			buildActionMask = 2147483647;
			files = (
			);
			inputFileListPaths = (
			);
			inputPaths = (
			);
			name = "Start Packager";
			outputFileListPaths = (
			);
			outputPaths = (
			);
			runOnlyForDeploymentPostprocessing = 0;
			shellPath = /bin/sh;
			shellScript = "export RCT_METRO_PORT=\"${RCT_METRO_PORT:=8081}\"\necho \"export RCT_METRO_PORT=${RCT_METRO_PORT}\" > \"${SRCROOT}/../node_modules/react-native/scripts/.packager.env\"\nif [ -z \"${RCT_NO_LAUNCH_PACKAGER+xxx}\" ] ; then\n  if nc -w 5 -z localhost ${RCT_METRO_PORT} ; then\n    if ! curl -s \"http://localhost:${RCT_METRO_PORT}/status\" | grep -q \"packager-status:running\" ; then\n      echo \"Port ${RCT_METRO_PORT} already in use, packager is either not running or not running correctly\"\n      exit 2\n    fi\n  else\n    open \"$SRCROOT/../node_modules/react-native/scripts/launchPackager.command\" || echo \"Can't start packager automatically\"\n  fi\nfi\n";
			showEnvVarsInLog = 0;
		};
/* End PBXShellScriptBuildPhase section */

/* Begin PBXSourcesBuildPhase section */
		00E356EA1AD99517003FC87E /* Sources */ = {
			isa = PBXSourcesBuildPhase;
			buildActionMask = 2147483647;
			files = (
				00E356F31AD99517003FC87E /* projectttTests.m in Sources */,
			);
			runOnlyForDeploymentPostprocessing = 0;
		};
		13B07F871A680F5B00A75B9A /* Sources */ = {
			isa = PBXSourcesBuildPhase;
			buildActionMask = 2147483647;
			files = (
				13B07FBC1A68108700A75B9A /* AppDelegate.mm in Sources */,
				13B07FC11A68108700A75B9A /* main.m in Sources */,
			);
			runOnlyForDeploymentPostprocessing = 0;
		};
/* End PBXSourcesBuildPhase section */

/* Begin PBXTargetDependency section */
		00E356F51AD99517003FC87E /* PBXTargetDependency */ = {
			isa = PBXTargetDependency;
			target = 13B07F861A680F5B00A75B9A /* projecttt */;
			targetProxy = 00E356F41AD99517003FC87E /* PBXContainerItemProxy */;
		};
/* End PBXTargetDependency section */

/* Begin XCBuildConfiguration section */
		00E356F61AD99517003FC87E /* Debug */ = {
			isa = XCBuildConfiguration;
			baseConfigurationReference = 5B7EB9410499542E8C5724F5 /* Pods-projecttt-projectttTests.debug.xcconfig */;
			buildSettings = {
				BUNDLE_LOADER = "$(TEST_HOST)";
				GCC_PREPROCESSOR_DEFINITIONS = (
					"DEBUG=1",
					"$(inherited)",
				);
				INFOPLIST_FILE = projectttTests/Info.plist;
				IPHONEOS_DEPLOYMENT_TARGET = 12.4;
				LD_RUNPATH_SEARCH_PATHS = (
					"$(inherited)",
					"@executable_path/Frameworks",
					"@loader_path/Frameworks",
				);
				OTHER_LDFLAGS = (
					"-ObjC",
					"-lc++",
					"$(inherited)",
				);
				PRODUCT_BUNDLE_IDENTIFIER = "org.reactjs.native.example.$(PRODUCT_NAME:rfc1034identifier)";
				PRODUCT_NAME = "$(TARGET_NAME)";
				TEST_HOST = "$(BUILT_PRODUCTS_DIR)/projecttt.app/projecttt";
			};
			name = Debug;
		};
		00E356F71AD99517003FC87E /* Release */ = {
			isa = XCBuildConfiguration;
			baseConfigurationReference = 89C6BE57DB24E9ADA2F236DE /* Pods-projecttt-projectttTests.release.xcconfig */;
			buildSettings = {
				BUNDLE_LOADER = "$(TEST_HOST)";
				COPY_PHASE_STRIP = NO;
				INFOPLIST_FILE = projectttTests/Info.plist;
				IPHONEOS_DEPLOYMENT_TARGET = 12.4;
				LD_RUNPATH_SEARCH_PATHS = (
					"$(inherited)",
					"@executable_path/Frameworks",
					"@loader_path/Frameworks",
				);
				OTHER_LDFLAGS = (
					"-ObjC",
					"-lc++",
					"$(inherited)",
				);
				PRODUCT_BUNDLE_IDENTIFIER = "org.reactjs.native.example.$(PRODUCT_NAME:rfc1034identifier)";
				PRODUCT_NAME = "$(TARGET_NAME)";
				TEST_HOST = "$(BUILT_PRODUCTS_DIR)/projecttt.app/projecttt";
			};
			name = Release;
		};
		13B07F941A680F5B00A75B9A /* Debug */ = {
			isa = XCBuildConfiguration;
			baseConfigurationReference = 3B4392A12AC88292D35C810B /* Pods-projecttt.debug.xcconfig */;
			buildSettings = {
				ASSETCATALOG_COMPILER_APPICON_NAME = AppIcon;
				CLANG_ENABLE_MODULES = YES;
				CURRENT_PROJECT_VERSION = 1;
				ENABLE_BITCODE = NO;
				INFOPLIST_FILE = projecttt/Info.plist;
				LD_RUNPATH_SEARCH_PATHS = (
					"$(inherited)",
					"@executable_path/Frameworks",
				);
				MARKETING_VERSION = 1.0;
				OTHER_LDFLAGS = (
					"$(inherited)",
					"-ObjC",
					"-lc++",
				);
				PRODUCT_BUNDLE_IDENTIFIER = "org.reactjs.native.example.$(PRODUCT_NAME:rfc1034identifier)";
				PRODUCT_NAME = projecttt;
				SWIFT_OPTIMIZATION_LEVEL = "-Onone";
				SWIFT_VERSION = 5.0;
				VERSIONING_SYSTEM = "apple-generic";
			};
			name = Debug;
		};
		13B07F951A680F5B00A75B9A /* Release */ = {
			isa = XCBuildConfiguration;
			baseConfigurationReference = 5709B34CF0A7D63546082F79 /* Pods-projecttt.release.xcconfig */;
			buildSettings = {
				ASSETCATALOG_COMPILER_APPICON_NAME = AppIcon;
				CLANG_ENABLE_MODULES = YES;
				CURRENT_PROJECT_VERSION = 1;
				INFOPLIST_FILE = projecttt/Info.plist;
				LD_RUNPATH_SEARCH_PATHS = (
					"$(inherited)",
					"@executable_path/Frameworks",
				);
				MARKETING_VERSION = 1.0;
				OTHER_LDFLAGS = (
					"$(inherited)",
					"-ObjC",
					"-lc++",
				);
				PRODUCT_BUNDLE_IDENTIFIER = "org.reactjs.native.example.$(PRODUCT_NAME:rfc1034identifier)";
				PRODUCT_NAME = projecttt;
				SWIFT_VERSION = 5.0;
				VERSIONING_SYSTEM = "apple-generic";
			};
			name = Release;
		};
		83CBBA201A601CBA00E9B192 /* Debug */ = {
			isa = XCBuildConfiguration;
			buildSettings = {
				ALWAYS_SEARCH_USER_PATHS = NO;
				CLANG_ANALYZER_LOCALIZABILITY_NONLOCALIZED = YES;
				CLANG_CXX_LANGUAGE_STANDARD = "c++17";
				CLANG_CXX_LIBRARY = "libc++";
				CLANG_ENABLE_MODULES = YES;
				CLANG_ENABLE_OBJC_ARC = YES;
				CLANG_WARN_BLOCK_CAPTURE_AUTORELEASING = YES;
				CLANG_WARN_BOOL_CONVERSION = YES;
				CLANG_WARN_COMMA = YES;
				CLANG_WARN_CONSTANT_CONVERSION = YES;
				CLANG_WARN_DEPRECATED_OBJC_IMPLEMENTATIONS = YES;
				CLANG_WARN_DIRECT_OBJC_ISA_USAGE = YES_ERROR;
				CLANG_WARN_EMPTY_BODY = YES;
				CLANG_WARN_ENUM_CONVERSION = YES;
				CLANG_WARN_INFINITE_RECURSION = YES;
				CLANG_WARN_INT_CONVERSION = YES;
				CLANG_WARN_NON_LITERAL_NULL_CONVERSION = YES;
				CLANG_WARN_OBJC_IMPLICIT_RETAIN_SELF = YES;
				CLANG_WARN_OBJC_LITERAL_CONVERSION = YES;
				CLANG_WARN_OBJC_ROOT_CLASS = YES_ERROR;
				CLANG_WARN_QUOTED_INCLUDE_IN_FRAMEWORK_HEADER = YES;
				CLANG_WARN_RANGE_LOOP_ANALYSIS = YES;
				CLANG_WARN_STRICT_PROTOTYPES = YES;
				CLANG_WARN_SUSPICIOUS_MOVE = YES;
				CLANG_WARN_UNREACHABLE_CODE = YES;
				CLANG_WARN__DUPLICATE_METHOD_MATCH = YES;
				"CODE_SIGN_IDENTITY[sdk=iphoneos*]" = "iPhone Developer";
				COPY_PHASE_STRIP = NO;
				ENABLE_STRICT_OBJC_MSGSEND = YES;
				ENABLE_TESTABILITY = YES;
				"EXCLUDED_ARCHS[sdk=iphonesimulator*]" = "";
				GCC_C_LANGUAGE_STANDARD = gnu99;
				GCC_DYNAMIC_NO_PIC = NO;
				GCC_NO_COMMON_BLOCKS = YES;
				GCC_OPTIMIZATION_LEVEL = 0;
				GCC_PREPROCESSOR_DEFINITIONS = (
					"DEBUG=1",
					"$(inherited)",
				);
				GCC_SYMBOLS_PRIVATE_EXTERN = NO;
				GCC_WARN_64_TO_32_BIT_CONVERSION = YES;
				GCC_WARN_ABOUT_RETURN_TYPE = YES_ERROR;
				GCC_WARN_UNDECLARED_SELECTOR = YES;
				GCC_WARN_UNINITIALIZED_AUTOS = YES_AGGRESSIVE;
				GCC_WARN_UNUSED_FUNCTION = YES;
				GCC_WARN_UNUSED_VARIABLE = YES;
				IPHONEOS_DEPLOYMENT_TARGET = 12.4;
				LD_RUNPATH_SEARCH_PATHS = (
					/usr/lib/swift,
					"$(inherited)",
				);
				LIBRARY_SEARCH_PATHS = (
					"\"$(SDKROOT)/usr/lib/swift\"",
					"\"$(TOOLCHAIN_DIR)/usr/lib/swift/$(PLATFORM_NAME)\"",
					"\"$(inherited)\"",
				);
				MTL_ENABLE_DEBUG_INFO = YES;
				ONLY_ACTIVE_ARCH = YES;
				OTHER_CPLUSPLUSFLAGS = (
					"$(OTHER_CFLAGS)",
					"-DFOLLY_NO_CONFIG",
					"-DFOLLY_MOBILE=1",
					"-DFOLLY_USE_LIBCPP=1",
				);
				SDKROOT = iphoneos;
			};
			name = Debug;
		};
		83CBBA211A601CBA00E9B192 /* Release */ = {
			isa = XCBuildConfiguration;
			buildSettings = {
				ALWAYS_SEARCH_USER_PATHS = NO;
				CLANG_ANALYZER_LOCALIZABILITY_NONLOCALIZED = YES;
				CLANG_CXX_LANGUAGE_STANDARD = "c++17";
				CLANG_CXX_LIBRARY = "libc++";
				CLANG_ENABLE_MODULES = YES;
				CLANG_ENABLE_OBJC_ARC = YES;
				CLANG_WARN_BLOCK_CAPTURE_AUTORELEASING = YES;
				CLANG_WARN_BOOL_CONVERSION = YES;
				CLANG_WARN_COMMA = YES;
				CLANG_WARN_CONSTANT_CONVERSION = YES;
				CLANG_WARN_DEPRECATED_OBJC_IMPLEMENTATIONS = YES;
				CLANG_WARN_DIRECT_OBJC_ISA_USAGE = YES_ERROR;
				CLANG_WARN_EMPTY_BODY = YES;
				CLANG_WARN_ENUM_CONVERSION = YES;
				CLANG_WARN_INFINITE_RECURSION = YES;
				CLANG_WARN_INT_CONVERSION = YES;
				CLANG_WARN_NON_LITERAL_NULL_CONVERSION = YES;
				CLANG_WARN_OBJC_IMPLICIT_RETAIN_SELF = YES;
				CLANG_WARN_OBJC_LITERAL_CONVERSION = YES;
				CLANG_WARN_OBJC_ROOT_CLASS = YES_ERROR;
				CLANG_WARN_QUOTED_INCLUDE_IN_FRAMEWORK_HEADER = YES;
				CLANG_WARN_RANGE_LOOP_ANALYSIS = YES;
				CLANG_WARN_STRICT_PROTOTYPES = YES;
				CLANG_WARN_SUSPICIOUS_MOVE = YES;
				CLANG_WARN_UNREACHABLE_CODE = YES;
				CLANG_WARN__DUPLICATE_METHOD_MATCH = YES;
				"CODE_SIGN_IDENTITY[sdk=iphoneos*]" = "iPhone Developer";
				COPY_PHASE_STRIP = YES;
				ENABLE_NS_ASSERTIONS = NO;
				ENABLE_STRICT_OBJC_MSGSEND = YES;
				"EXCLUDED_ARCHS[sdk=iphonesimulator*]" = "";
				GCC_C_LANGUAGE_STANDARD = gnu99;
				GCC_NO_COMMON_BLOCKS = YES;
				GCC_WARN_64_TO_32_BIT_CONVERSION = YES;
				GCC_WARN_ABOUT_RETURN_TYPE = YES_ERROR;
				GCC_WARN_UNDECLARED_SELECTOR = YES;
				GCC_WARN_UNINITIALIZED_AUTOS = YES_AGGRESSIVE;
				GCC_WARN_UNUSED_FUNCTION = YES;
				GCC_WARN_UNUSED_VARIABLE = YES;
				IPHONEOS_DEPLOYMENT_TARGET = 12.4;
				LD_RUNPATH_SEARCH_PATHS = (
					/usr/lib/swift,
					"$(inherited)",
				);
				LIBRARY_SEARCH_PATHS = (
					"\"$(SDKROOT)/usr/lib/swift\"",
					"\"$(TOOLCHAIN_DIR)/usr/lib/swift/$(PLATFORM_NAME)\"",
					"\"$(inherited)\"",
				);
				MTL_ENABLE_DEBUG_INFO = NO;
				OTHER_CPLUSPLUSFLAGS = (
					"$(OTHER_CFLAGS)",
					"-DFOLLY_NO_CONFIG",
					"-DFOLLY_MOBILE=1",
					"-DFOLLY_USE_LIBCPP=1",
				);
				SDKROOT = iphoneos;
				VALIDATE_PRODUCT = YES;
			};
			name = Release;
		};
/* End XCBuildConfiguration section */

/* Begin XCConfigurationList section */
		00E357021AD99517003FC87E /* Build configuration list for PBXNativeTarget "projectttTests" */ = {
			isa = XCConfigurationList;
			buildConfigurations = (
				00E356F61AD99517003FC87E /* Debug */,
				00E356F71AD99517003FC87E /* Release */,
			);
			defaultConfigurationIsVisible = 0;
			defaultConfigurationName = Release;
		};
		13B07F931A680F5B00A75B9A /* Build configuration list for PBXNativeTarget "projecttt" */ = {
			isa = XCConfigurationList;
			buildConfigurations = (
				13B07F941A680F5B00A75B9A /* Debug */,
				13B07F951A680F5B00A75B9A /* Release */,
			);
			defaultConfigurationIsVisible = 0;
			defaultConfigurationName = Release;
		};
		83CBB9FA1A601CBA00E9B192 /* Build configuration list for PBXProject "projecttt" */ = {
			isa = XCConfigurationList;
			buildConfigurations = (
				83CBBA201A601CBA00E9B192 /* Debug */,
				83CBBA211A601CBA00E9B192 /* Release */,
			);
			defaultConfigurationIsVisible = 0;
			defaultConfigurationName = Release;
		};
/* End XCConfigurationList section */
	};
	rootObject = 83CBB9F71A601CBA00E9B192 /* Project object */;
}
